// !$*UTF8*$!
{
	archiveVersion = 1;
	classes = {
	};
	objectVersion = 55;
	objects = {

/* Begin PBXBuildFile section */
		284C872328BE612700EA16B8 /* AppDelegate.swift in Sources */ = {isa = PBXBuildFile; fileRef = 284C872228BE612700EA16B8 /* AppDelegate.swift */; };
		284C872528BE612700EA16B8 /* SceneDelegate.swift in Sources */ = {isa = PBXBuildFile; fileRef = 284C872428BE612700EA16B8 /* SceneDelegate.swift */; };
		284C872728BE612700EA16B8 /* EntryListViewController.swift in Sources */ = {isa = PBXBuildFile; fileRef = 284C872628BE612700EA16B8 /* EntryListViewController.swift */; };
		284C872A28BE612700EA16B8 /* Main.storyboard in Resources */ = {isa = PBXBuildFile; fileRef = 284C872828BE612700EA16B8 /* Main.storyboard */; };
		284C872C28BE612A00EA16B8 /* Assets.xcassets in Resources */ = {isa = PBXBuildFile; fileRef = 284C872B28BE612A00EA16B8 /* Assets.xcassets */; };
		284C872F28BE612A00EA16B8 /* LaunchScreen.storyboard in Resources */ = {isa = PBXBuildFile; fileRef = 284C872D28BE612A00EA16B8 /* LaunchScreen.storyboard */; };
		284C873928BE66B700EA16B8 /* Webservice.swift in Sources */ = {isa = PBXBuildFile; fileRef = 284C873828BE66B700EA16B8 /* Webservice.swift */; };
		284C873C28BE68BC00EA16B8 /* Model.swift in Sources */ = {isa = PBXBuildFile; fileRef = 284C873B28BE68BC00EA16B8 /* Model.swift */; };
		284C873F28BE6B8600EA16B8 /* ViewModel.swift in Sources */ = {isa = PBXBuildFile; fileRef = 284C873E28BE6B8600EA16B8 /* ViewModel.swift */; };
		284C874228BE792900EA16B8 /* MovieTableViewCell.swift in Sources */ = {isa = PBXBuildFile; fileRef = 284C874128BE792800EA16B8 /* MovieTableViewCell.swift */; };
		284C874528BE84D400EA16B8 /* DetailsViewController.swift in Sources */ = {isa = PBXBuildFile; fileRef = 284C874428BE84D400EA16B8 /* DetailsViewController.swift */; };
		284C874728BED6D700EA16B8 /* SplashViewController.swift in Sources */ = {isa = PBXBuildFile; fileRef = 284C874628BED6D600EA16B8 /* SplashViewController.swift */; };
		284C874928BFCBFE00EA16B8 /* EntryCollectionViewController.swift in Sources */ = {isa = PBXBuildFile; fileRef = 284C874828BFCBFD00EA16B8 /* EntryCollectionViewController.swift */; };
		284C874D28BFD06300EA16B8 /* MovieCollectionViewCell.swift in Sources */ = {isa = PBXBuildFile; fileRef = 284C874C28BFD06300EA16B8 /* MovieCollectionViewCell.swift */; };
		46117330E18D7988E244B362 /* Pods_desafioL1.framework in Frameworks */ = {isa = PBXBuildFile; fileRef = AAC7CCBE27B4F5C937520DD7 /* Pods_desafioL1.framework */; };
/* End PBXBuildFile section */

/* Begin PBXFileReference section */
		110A73AAF5C00BFE1DD80A78 /* Pods-desafioL1.release.xcconfig */ = {isa = PBXFileReference; includeInIndex = 1; lastKnownFileType = text.xcconfig; name = "Pods-desafioL1.release.xcconfig"; path = "Target Support Files/Pods-desafioL1/Pods-desafioL1.release.xcconfig"; sourceTree = "<group>"; };
		284C871F28BE612700EA16B8 /* desafioL1.app */ = {isa = PBXFileReference; explicitFileType = wrapper.application; includeInIndex = 0; path = desafioL1.app; sourceTree = BUILT_PRODUCTS_DIR; };
		284C872228BE612700EA16B8 /* AppDelegate.swift */ = {isa = PBXFileReference; lastKnownFileType = sourcecode.swift; path = AppDelegate.swift; sourceTree = "<group>"; };
		284C872428BE612700EA16B8 /* SceneDelegate.swift */ = {isa = PBXFileReference; lastKnownFileType = sourcecode.swift; path = SceneDelegate.swift; sourceTree = "<group>"; };
		284C872628BE612700EA16B8 /* EntryListViewController.swift */ = {isa = PBXFileReference; lastKnownFileType = sourcecode.swift; path = EntryListViewController.swift; sourceTree = "<group>"; };
		284C872928BE612700EA16B8 /* Base */ = {isa = PBXFileReference; lastKnownFileType = file.storyboard; name = Base; path = Base.lproj/Main.storyboard; sourceTree = "<group>"; };
		284C872B28BE612A00EA16B8 /* Assets.xcassets */ = {isa = PBXFileReference; lastKnownFileType = folder.assetcatalog; path = Assets.xcassets; sourceTree = "<group>"; };
		284C872E28BE612A00EA16B8 /* Base */ = {isa = PBXFileReference; lastKnownFileType = file.storyboard; name = Base; path = Base.lproj/LaunchScreen.storyboard; sourceTree = "<group>"; };
		284C873028BE612A00EA16B8 /* Info.plist */ = {isa = PBXFileReference; lastKnownFileType = text.plist.xml; path = Info.plist; sourceTree = "<group>"; };
		284C873828BE66B700EA16B8 /* Webservice.swift */ = {isa = PBXFileReference; lastKnownFileType = sourcecode.swift; path = Webservice.swift; sourceTree = "<group>"; };
		284C873B28BE68BC00EA16B8 /* Model.swift */ = {isa = PBXFileReference; lastKnownFileType = sourcecode.swift; path = Model.swift; sourceTree = "<group>"; };
		284C873E28BE6B8600EA16B8 /* ViewModel.swift */ = {isa = PBXFileReference; lastKnownFileType = sourcecode.swift; path = ViewModel.swift; sourceTree = "<group>"; };
		284C874128BE792800EA16B8 /* MovieTableViewCell.swift */ = {isa = PBXFileReference; lastKnownFileType = sourcecode.swift; path = MovieTableViewCell.swift; sourceTree = "<group>"; };
		284C874428BE84D400EA16B8 /* DetailsViewController.swift */ = {isa = PBXFileReference; lastKnownFileType = sourcecode.swift; path = DetailsViewController.swift; sourceTree = "<group>"; };
		284C874628BED6D600EA16B8 /* SplashViewController.swift */ = {isa = PBXFileReference; lastKnownFileType = sourcecode.swift; path = SplashViewController.swift; sourceTree = "<group>"; };
		284C874828BFCBFD00EA16B8 /* EntryCollectionViewController.swift */ = {isa = PBXFileReference; lastKnownFileType = sourcecode.swift; path = EntryCollectionViewController.swift; sourceTree = "<group>"; };
		284C874C28BFD06300EA16B8 /* MovieCollectionViewCell.swift */ = {isa = PBXFileReference; lastKnownFileType = sourcecode.swift; path = MovieCollectionViewCell.swift; sourceTree = "<group>"; };
		9A63E6E3F81050FD6D58B97C /* Pods-desafioL1.debug.xcconfig */ = {isa = PBXFileReference; includeInIndex = 1; lastKnownFileType = text.xcconfig; name = "Pods-desafioL1.debug.xcconfig"; path = "Target Support Files/Pods-desafioL1/Pods-desafioL1.debug.xcconfig"; sourceTree = "<group>"; };
		AAC7CCBE27B4F5C937520DD7 /* Pods_desafioL1.framework */ = {isa = PBXFileReference; explicitFileType = wrapper.framework; includeInIndex = 0; path = Pods_desafioL1.framework; sourceTree = BUILT_PRODUCTS_DIR; };
/* End PBXFileReference section */

/* Begin PBXFrameworksBuildPhase section */
		284C871C28BE612700EA16B8 /* Frameworks */ = {
			isa = PBXFrameworksBuildPhase;
			buildActionMask = 2147483647;
			files = (
				46117330E18D7988E244B362 /* Pods_desafioL1.framework in Frameworks */,
			);
			runOnlyForDeploymentPostprocessing = 0;
		};
/* End PBXFrameworksBuildPhase section */

/* Begin PBXGroup section */
		284C871628BE612700EA16B8 = {
			isa = PBXGroup;
			children = (
				284C872128BE612700EA16B8 /* desafioL1 */,
				284C872028BE612700EA16B8 /* Products */,
				AD3DA31B5FA5A0CA27436DFA /* Pods */,
				2B42B003C4538F52B0601104 /* Frameworks */,
			);
			sourceTree = "<group>";
		};
		284C872028BE612700EA16B8 /* Products */ = {
			isa = PBXGroup;
			children = (
				284C871F28BE612700EA16B8 /* desafioL1.app */,
			);
			name = Products;
			sourceTree = "<group>";
		};
		284C872128BE612700EA16B8 /* desafioL1 */ = {
			isa = PBXGroup;
			children = (
				284C873728BE66AA00EA16B8 /* Webservice */,
				284C873A28BE68B100EA16B8 /* Model */,
				284C873D28BE6B7A00EA16B8 /* ViewModel */,
				284C874328BE847600EA16B8 /* Controlllers */,
				284C874028BE790D00EA16B8 /* Cell */,
				284C872228BE612700EA16B8 /* AppDelegate.swift */,
				284C872428BE612700EA16B8 /* SceneDelegate.swift */,
				284C872828BE612700EA16B8 /* Main.storyboard */,
				284C872B28BE612A00EA16B8 /* Assets.xcassets */,
				284C872D28BE612A00EA16B8 /* LaunchScreen.storyboard */,
				284C873028BE612A00EA16B8 /* Info.plist */,
			);
			path = desafioL1;
			sourceTree = "<group>";
		};
		284C873728BE66AA00EA16B8 /* Webservice */ = {
			isa = PBXGroup;
			children = (
				284C873828BE66B700EA16B8 /* Webservice.swift */,
			);
			path = Webservice;
			sourceTree = "<group>";
		};
		284C873A28BE68B100EA16B8 /* Model */ = {
			isa = PBXGroup;
			children = (
				284C873B28BE68BC00EA16B8 /* Model.swift */,
			);
			path = Model;
			sourceTree = "<group>";
		};
		284C873D28BE6B7A00EA16B8 /* ViewModel */ = {
			isa = PBXGroup;
			children = (
				284C873E28BE6B8600EA16B8 /* ViewModel.swift */,
			);
			path = ViewModel;
			sourceTree = "<group>";
		};
		284C874028BE790D00EA16B8 /* Cell */ = {
			isa = PBXGroup;
			children = (
				284C874128BE792800EA16B8 /* MovieTableViewCell.swift */,
				284C874C28BFD06300EA16B8 /* MovieCollectionViewCell.swift */,
			);
			path = Cell;
			sourceTree = "<group>";
		};
		284C874328BE847600EA16B8 /* Controlllers */ = {
			isa = PBXGroup;
			children = (
				284C874628BED6D600EA16B8 /* SplashViewController.swift */,
				284C872628BE612700EA16B8 /* EntryListViewController.swift */,
				284C874828BFCBFD00EA16B8 /* EntryCollectionViewController.swift */,
				284C874428BE84D400EA16B8 /* DetailsViewController.swift */,
			);
			path = Controlllers;
			sourceTree = "<group>";
		};
		2B42B003C4538F52B0601104 /* Frameworks */ = {
			isa = PBXGroup;
			children = (
				AAC7CCBE27B4F5C937520DD7 /* Pods_desafioL1.framework */,
			);
			name = Frameworks;
			sourceTree = "<group>";
		};
		AD3DA31B5FA5A0CA27436DFA /* Pods */ = {
			isa = PBXGroup;
			children = (
				9A63E6E3F81050FD6D58B97C /* Pods-desafioL1.debug.xcconfig */,
				110A73AAF5C00BFE1DD80A78 /* Pods-desafioL1.release.xcconfig */,
			);
			name = Pods;
			path = Pods;
			sourceTree = "<group>";
		};
/* End PBXGroup section */

/* Begin PBXNativeTarget section */
		284C871E28BE612700EA16B8 /* desafioL1 */ = {
			isa = PBXNativeTarget;
			buildConfigurationList = 284C873328BE612A00EA16B8 /* Build configuration list for PBXNativeTarget "desafioL1" */;
			buildPhases = (
				BFABD0236668B187BB7E2854 /* [CP] Check Pods Manifest.lock */,
				284C871B28BE612700EA16B8 /* Sources */,
				284C871C28BE612700EA16B8 /* Frameworks */,
				284C871D28BE612700EA16B8 /* Resources */,
			);
			buildRules = (
			);
			dependencies = (
			);
			name = desafioL1;
			productName = desafioL1;
			productReference = 284C871F28BE612700EA16B8 /* desafioL1.app */;
			productType = "com.apple.product-type.application";
		};
/* End PBXNativeTarget section */

/* Begin PBXProject section */
		284C871728BE612700EA16B8 /* Project object */ = {
			isa = PBXProject;
			attributes = {
				BuildIndependentTargetsInParallel = 1;
				LastSwiftUpdateCheck = 1340;
				LastUpgradeCheck = 1340;
				TargetAttributes = {
					284C871E28BE612700EA16B8 = {
						CreatedOnToolsVersion = 13.4.1;
					};
				};
			};
			buildConfigurationList = 284C871A28BE612700EA16B8 /* Build configuration list for PBXProject "desafioL1" */;
			compatibilityVersion = "Xcode 13.0";
			developmentRegion = en;
			hasScannedForEncodings = 0;
			knownRegions = (
				en,
				Base,
			);
			mainGroup = 284C871628BE612700EA16B8;
			productRefGroup = 284C872028BE612700EA16B8 /* Products */;
			projectDirPath = "";
			projectRoot = "";
			targets = (
				284C871E28BE612700EA16B8 /* desafioL1 */,
			);
		};
/* End PBXProject section */

/* Begin PBXResourcesBuildPhase section */
		284C871D28BE612700EA16B8 /* Resources */ = {
			isa = PBXResourcesBuildPhase;
			buildActionMask = 2147483647;
			files = (
				284C872F28BE612A00EA16B8 /* LaunchScreen.storyboard in Resources */,
				284C872C28BE612A00EA16B8 /* Assets.xcassets in Resources */,
				284C872A28BE612700EA16B8 /* Main.storyboard in Resources */,
			);
			runOnlyForDeploymentPostprocessing = 0;
		};
/* End PBXResourcesBuildPhase section */

/* Begin PBXShellScriptBuildPhase section */
		BFABD0236668B187BB7E2854 /* [CP] Check Pods Manifest.lock */ = {
			isa = PBXShellScriptBuildPhase;
			buildActionMask = 2147483647;
			files = (
			);
			inputFileListPaths = (
			);
			inputPaths = (
				"${PODS_PODFILE_DIR_PATH}/Podfile.lock",
				"${PODS_ROOT}/Manifest.lock",
			);
			name = "[CP] Check Pods Manifest.lock";
			outputFileListPaths = (
			);
			outputPaths = (
				"$(DERIVED_FILE_DIR)/Pods-desafioL1-checkManifestLockResult.txt",
			);
			runOnlyForDeploymentPostprocessing = 0;
			shellPath = /bin/sh;
			shellScript = "diff \"${PODS_PODFILE_DIR_PATH}/Podfile.lock\" \"${PODS_ROOT}/Manifest.lock\" > /dev/null\nif [ $? != 0 ] ; then\n    # print error to STDERR\n    echo \"error: The sandbox is not in sync with the Podfile.lock. Run 'pod install' or update your CocoaPods installation.\" >&2\n    exit 1\nfi\n# This output is used by Xcode 'outputs' to avoid re-running this script phase.\necho \"SUCCESS\" > \"${SCRIPT_OUTPUT_FILE_0}\"\n";
			showEnvVarsInLog = 0;
		};
/* End PBXShellScriptBuildPhase section */

/* Begin PBXSourcesBuildPhase section */
		284C871B28BE612700EA16B8 /* Sources */ = {
			isa = PBXSourcesBuildPhase;
			buildActionMask = 2147483647;
			files = (
				284C874228BE792900EA16B8 /* MovieTableViewCell.swift in Sources */,
				284C873C28BE68BC00EA16B8 /* Model.swift in Sources */,
				284C872728BE612700EA16B8 /* EntryListViewController.swift in Sources */,
				284C874928BFCBFE00EA16B8 /* EntryCollectionViewController.swift in Sources */,
				284C874728BED6D700EA16B8 /* SplashViewController.swift in Sources */,
				284C874528BE84D400EA16B8 /* DetailsViewController.swift in Sources */,
				284C873928BE66B700EA16B8 /* Webservice.swift in Sources */,
				284C872328BE612700EA16B8 /* AppDelegate.swift in Sources */,
				284C874D28BFD06300EA16B8 /* MovieCollectionViewCell.swift in Sources */,
				284C873F28BE6B8600EA16B8 /* ViewModel.swift in Sources */,
				284C872528BE612700EA16B8 /* SceneDelegate.swift in Sources */,
			);
			runOnlyForDeploymentPostprocessing = 0;
		};
/* End PBXSourcesBuildPhase section */

/* Begin PBXVariantGroup section */
		284C872828BE612700EA16B8 /* Main.storyboard */ = {
			isa = PBXVariantGroup;
			children = (
				284C872928BE612700EA16B8 /* Base */,
			);
			name = Main.storyboard;
			sourceTree = "<group>";
		};
		284C872D28BE612A00EA16B8 /* LaunchScreen.storyboard */ = {
			isa = PBXVariantGroup;
			children = (
				284C872E28BE612A00EA16B8 /* Base */,
			);
			name = LaunchScreen.storyboard;
			sourceTree = "<group>";
		};
/* End PBXVariantGroup section */

/* Begin XCBuildConfiguration section */
		284C873128BE612A00EA16B8 /* Debug */ = {
			isa = XCBuildConfiguration;
			buildSettings = {
				ALWAYS_SEARCH_USER_PATHS = NO;
				CLANG_ANALYZER_NONNULL = YES;
				CLANG_ANALYZER_NUMBER_OBJECT_CONVERSION = YES_AGGRESSIVE;
				CLANG_CXX_LANGUAGE_STANDARD = "gnu++17";
				CLANG_ENABLE_MODULES = YES;
				CLANG_ENABLE_OBJC_ARC = YES;
				CLANG_ENABLE_OBJC_WEAK = YES;
				CLANG_WARN_BLOCK_CAPTURE_AUTORELEASING = YES;
				CLANG_WARN_BOOL_CONVERSION = YES;
				CLANG_WARN_COMMA = YES;
				CLANG_WARN_CONSTANT_CONVERSION = YES;
				CLANG_WARN_DEPRECATED_OBJC_IMPLEMENTATIONS = YES;
				CLANG_WARN_DIRECT_OBJC_ISA_USAGE = YES_ERROR;
				CLANG_WARN_DOCUMENTATION_COMMENTS = YES;
				CLANG_WARN_EMPTY_BODY = YES;
				CLANG_WARN_ENUM_CONVERSION = YES;
				CLANG_WARN_INFINITE_RECURSION = YES;
				CLANG_WARN_INT_CONVERSION = YES;
				CLANG_WARN_NON_LITERAL_NULL_CONVERSION = YES;
				CLANG_WARN_OBJC_IMPLICIT_RETAIN_SELF = YES;
				CLANG_WARN_OBJC_LITERAL_CONVERSION = YES;
				CLANG_WARN_OBJC_ROOT_CLASS = YES_ERROR;
				CLANG_WARN_QUOTED_INCLUDE_IN_FRAMEWORK_HEADER = YES;
				CLANG_WARN_RANGE_LOOP_ANALYSIS = YES;
				CLANG_WARN_STRICT_PROTOTYPES = YES;
				CLANG_WARN_SUSPICIOUS_MOVE = YES;
				CLANG_WARN_UNGUARDED_AVAILABILITY = YES_AGGRESSIVE;
				CLANG_WARN_UNREACHABLE_CODE = YES;
				CLANG_WARN__DUPLICATE_METHOD_MATCH = YES;
				COPY_PHASE_STRIP = NO;
				DEBUG_INFORMATION_FORMAT = dwarf;
				ENABLE_STRICT_OBJC_MSGSEND = YES;
				ENABLE_TESTABILITY = YES;
				GCC_C_LANGUAGE_STANDARD = gnu11;
				GCC_DYNAMIC_NO_PIC = NO;
				GCC_NO_COMMON_BLOCKS = YES;
				GCC_OPTIMIZATION_LEVEL = 0;
				GCC_PREPROCESSOR_DEFINITIONS = (
					"DEBUG=1",
					"$(inherited)",
				);
				GCC_WARN_64_TO_32_BIT_CONVERSION = YES;
				GCC_WARN_ABOUT_RETURN_TYPE = YES_ERROR;
				GCC_WARN_UNDECLARED_SELECTOR = YES;
				GCC_WARN_UNINITIALIZED_AUTOS = YES_AGGRESSIVE;
				GCC_WARN_UNUSED_FUNCTION = YES;
				GCC_WARN_UNUSED_VARIABLE = YES;
				IPHONEOS_DEPLOYMENT_TARGET = 15.5;
				MTL_ENABLE_DEBUG_INFO = INCLUDE_SOURCE;
				MTL_FAST_MATH = YES;
				ONLY_ACTIVE_ARCH = YES;
				SDKROOT = iphoneos;
				SWIFT_ACTIVE_COMPILATION_CONDITIONS = DEBUG;
				SWIFT_OPTIMIZATION_LEVEL = "-Onone";
			};
			name = Debug;
		};
		284C873228BE612A00EA16B8 /* Release */ = {
			isa = XCBuildConfiguration;
			buildSettings = {
				ALWAYS_SEARCH_USER_PATHS = NO;
				CLANG_ANALYZER_NONNULL = YES;
				CLANG_ANALYZER_NUMBER_OBJECT_CONVERSION = YES_AGGRESSIVE;
				CLANG_CXX_LANGUAGE_STANDARD = "gnu++17";
				CLANG_ENABLE_MODULES = YES;
				CLANG_ENABLE_OBJC_ARC = YES;
				CLANG_ENABLE_OBJC_WEAK = YES;
				CLANG_WARN_BLOCK_CAPTURE_AUTORELEASING = YES;
				CLANG_WARN_BOOL_CONVERSION = YES;
				CLANG_WARN_COMMA = YES;
				CLANG_WARN_CONSTANT_CONVERSION = YES;
				CLANG_WARN_DEPRECATED_OBJC_IMPLEMENTATIONS = YES;
				CLANG_WARN_DIRECT_OBJC_ISA_USAGE = YES_ERROR;
				CLANG_WARN_DOCUMENTATION_COMMENTS = YES;
				CLANG_WARN_EMPTY_BODY = YES;
				CLANG_WARN_ENUM_CONVERSION = YES;
				CLANG_WARN_INFINITE_RECURSION = YES;
				CLANG_WARN_INT_CONVERSION = YES;
				CLANG_WARN_NON_LITERAL_NULL_CONVERSION = YES;
				CLANG_WARN_OBJC_IMPLICIT_RETAIN_SELF = YES;
				CLANG_WARN_OBJC_LITERAL_CONVERSION = YES;
				CLANG_WARN_OBJC_ROOT_CLASS = YES_ERROR;
				CLANG_WARN_QUOTED_INCLUDE_IN_FRAMEWORK_HEADER = YES;
				CLANG_WARN_RANGE_LOOP_ANALYSIS = YES;
				CLANG_WARN_STRICT_PROTOTYPES = YES;
				CLANG_WARN_SUSPICIOUS_MOVE = YES;
				CLANG_WARN_UNGUARDED_AVAILABILITY = YES_AGGRESSIVE;
				CLANG_WARN_UNREACHABLE_CODE = YES;
				CLANG_WARN__DUPLICATE_METHOD_MATCH = YES;
				COPY_PHASE_STRIP = NO;
				DEBUG_INFORMATION_FORMAT = "dwarf-with-dsym";
				ENABLE_NS_ASSERTIONS = NO;
				ENABLE_STRICT_OBJC_MSGSEND = YES;
				GCC_C_LANGUAGE_STANDARD = gnu11;
				GCC_NO_COMMON_BLOCKS = YES;
				GCC_WARN_64_TO_32_BIT_CONVERSION = YES;
				GCC_WARN_ABOUT_RETURN_TYPE = YES_ERROR;
				GCC_WARN_UNDECLARED_SELECTOR = YES;
				GCC_WARN_UNINITIALIZED_AUTOS = YES_AGGRESSIVE;
				GCC_WARN_UNUSED_FUNCTION = YES;
				GCC_WARN_UNUSED_VARIABLE = YES;
				IPHONEOS_DEPLOYMENT_TARGET = 15.5;
				MTL_ENABLE_DEBUG_INFO = NO;
				MTL_FAST_MATH = YES;
				SDKROOT = iphoneos;
				SWIFT_COMPILATION_MODE = wholemodule;
				SWIFT_OPTIMIZATION_LEVEL = "-O";
				VALIDATE_PRODUCT = YES;
			};
			name = Release;
		};
		284C873428BE612A00EA16B8 /* Debug */ = {
			isa = XCBuildConfiguration;
			baseConfigurationReference = 9A63E6E3F81050FD6D58B97C /* Pods-desafioL1.debug.xcconfig */;
			buildSettings = {
				ASSETCATALOG_COMPILER_APPICON_NAME = AppIcon;
				ASSETCATALOG_COMPILER_GLOBAL_ACCENT_COLOR_NAME = AccentColor;
				CODE_SIGN_STYLE = Automatic;
				CURRENT_PROJECT_VERSION = 1;
				DEVELOPMENT_TEAM = PB7Q9HXT8D;
				GENERATE_INFOPLIST_FILE = YES;
				INFOPLIST_FILE = desafioL1/Info.plist;
				INFOPLIST_KEY_UIApplicationSupportsIndirectInputEvents = YES;
				INFOPLIST_KEY_UILaunchStoryboardName = LaunchScreen;
				INFOPLIST_KEY_UIMainStoryboardFile = Main;
				INFOPLIST_KEY_UISupportedInterfaceOrientations_iPad = "UIInterfaceOrientationPortrait UIInterfaceOrientationPortraitUpsideDown UIInterfaceOrientationLandscapeLeft UIInterfaceOrientationLandscapeRight";
				INFOPLIST_KEY_UISupportedInterfaceOrientations_iPhone = "UIInterfaceOrientationPortrait UIInterfaceOrientationLandscapeLeft UIInterfaceOrientationLandscapeRight";
				LD_RUNPATH_SEARCH_PATHS = (
					"$(inherited)",
					"@executable_path/Frameworks",
				);
				MARKETING_VERSION = 1.0;
				PRODUCT_BUNDLE_IDENTIFIER = felipetavela.desafioL1;
				PRODUCT_NAME = "$(TARGET_NAME)";
				SWIFT_EMIT_LOC_STRINGS = YES;
				SWIFT_VERSION = 5.0;
				TARGETED_DEVICE_FAMILY = "1,2";
			};
			name = Debug;
		};
		284C873528BE612A00EA16B8 /* Release */ = {
			isa = XCBuildConfiguration;
			baseConfigurationReference = 110A73AAF5C00BFE1DD80A78 /* Pods-desafioL1.release.xcconfig */;
			buildSettings = {
				ASSETCATALOG_COMPILER_APPICON_NAME = AppIcon;
				ASSETCATALOG_COMPILER_GLOBAL_ACCENT_COLOR_NAME = AccentColor;
				CODE_SIGN_STYLE = Automatic;
				CURRENT_PROJECT_VERSION = 1;
				DEVELOPMENT_TEAM = PB7Q9HXT8D;
				GENERATE_INFOPLIST_FILE = YES;
				INFOPLIST_FILE = desafioL1/Info.plist;
				INFOPLIST_KEY_UIApplicationSupportsIndirectInputEvents = YES;
				INFOPLIST_KEY_UILaunchStoryboardName = LaunchScreen;
				INFOPLIST_KEY_UIMainStoryboardFile = Main;
				INFOPLIST_KEY_UISupportedInterfaceOrientations_iPad = "UIInterfaceOrientationPortrait UIInterfaceOrientationPortraitUpsideDown UIInterfaceOrientationLandscapeLeft UIInterfaceOrientationLandscapeRight";
				INFOPLIST_KEY_UISupportedInterfaceOrientations_iPhone = "UIInterfaceOrientationPortrait UIInterfaceOrientationLandscapeLeft UIInterfaceOrientationLandscapeRight";
				LD_RUNPATH_SEARCH_PATHS = (
					"$(inherited)",
					"@executable_path/Frameworks",
				);
				MARKETING_VERSION = 1.0;
				PRODUCT_BUNDLE_IDENTIFIER = felipetavela.desafioL1;
				PRODUCT_NAME = "$(TARGET_NAME)";
				SWIFT_EMIT_LOC_STRINGS = YES;
				SWIFT_VERSION = 5.0;
				TARGETED_DEVICE_FAMILY = "1,2";
			};
			name = Release;
		};
/* End XCBuildConfiguration section */

/* Begin XCConfigurationList section */
		284C871A28BE612700EA16B8 /* Build configuration list for PBXProject "desafioL1" */ = {
			isa = XCConfigurationList;
			buildConfigurations = (
				284C873128BE612A00EA16B8 /* Debug */,
				284C873228BE612A00EA16B8 /* Release */,
			);
			defaultConfigurationIsVisible = 0;
			defaultConfigurationName = Release;
		};
		284C873328BE612A00EA16B8 /* Build configuration list for PBXNativeTarget "desafioL1" */ = {
			isa = XCConfigurationList;
			buildConfigurations = (
				284C873428BE612A00EA16B8 /* Debug */,
				284C873528BE612A00EA16B8 /* Release */,
			);
			defaultConfigurationIsVisible = 0;
			defaultConfigurationName = Release;
		};
/* End XCConfigurationList section */
	};
	rootObject = 284C871728BE612700EA16B8 /* Project object */;
}
